
Microsoft Visual Studio Solution File, Format Version 12.00
# Visual Studio Version 17
VisualStudioVersion = 17.11.35312.102
MinimumVisualStudioVersion = 10.0.40219.1
Project("{9A19103F-16F7-4668-BE54-9A1E7A4F7556}") = "APITestAssignment", "APITestAssignment\APITestAssignment.csproj", "{412A7731-205B-41F2-B10B-9B9C1B86CAF2}"
EndProject
Global
	GlobalSection(SolutionConfigurationPlatforms) = preSolution
		Debug|Any CPU = Debug|Any CPU
		Release|Any CPU = Release|Any CPU
	EndGlobalSection
	GlobalSection(ProjectConfigurationPlatforms) = postSolution
		{412A7731-205B-41F2-B10B-9B9C1B86CAF2}.Debug|Any CPU.ActiveCfg = Debug|Any CPU
		{412A7731-205B-41F2-B10B-9B9C1B86CAF2}.Debug|Any CPU.Build.0 = Debug|Any CPU
		{412A7731-205B-41F2-B10B-9B9C1B86CAF2}.Release|Any CPU.ActiveCfg = Release|Any CPU
		{412A7731-205B-41F2-B10B-9B9C1B86CAF2}.Release|Any CPU.Build.0 = Release|Any CPU
	EndGlobalSection
	GlobalSection(SolutionProperties) = preSolution
		HideSolutionNode = FALSE
	EndGlobalSection
	GlobalSection(ExtensibilityGlobals) = postSolution
		SolutionGuid = {9662727C-52C2-4213-9835-CCE7E182645D}
	EndGlobalSection
EndGlobal
